{
  "version": 4,
  "terraform_version": "1.11.2",
  "serial": 9,
  "lineage": "f2f1b48c-bf9e-33fb-1afd-bf41b2328827",
  "outputs": {},
  "resources": [
    {
      "mode": "managed",
      "type": "azurerm_network_interface",
      "name": "nic",
      "provider": "provider[\"registry.terraform.io/hashicorp/azurerm\"]",
      "instances": [
        {
          "index_key": 0,
          "schema_version": 0,
          "attributes": {
            "accelerated_networking_enabled": false,
            "applied_dns_servers": [],
            "auxiliary_mode": "",
            "auxiliary_sku": "",
            "dns_servers": [],
            "edge_zone": "",
            "enable_accelerated_networking": false,
            "enable_ip_forwarding": false,
            "id": "/subscriptions/7a70c6d1-ffc9-44c2-8628-27a24dc71ef5/resourceGroups/rg-atn-dev-sea-001/providers/Microsoft.Network/networkInterfaces/nic-atn-dev-sea-1",
            "internal_dns_name_label": "",
            "internal_domain_name_suffix": "1ltqm2iup3vehhjgvi2aur23ac.ix.internal.cloudapp.net",
            "ip_configuration": [
              {
                "gateway_load_balancer_frontend_ip_configuration_id": "",
                "name": "internal",
                "primary": true,
                "private_ip_address": "10.0.1.6",
                "private_ip_address_allocation": "Dynamic",
                "private_ip_address_version": "IPv4",
                "public_ip_address_id": "",
                "subnet_id": "/subscriptions/7a70c6d1-ffc9-44c2-8628-27a24dc71ef5/resourceGroups/rg-atn-dev-sea-001/providers/Microsoft.Network/virtualNetworks/vnet-atn-dev-sea/subnets/subnet-atn-dev-sea"
              }
            ],
            "ip_forwarding_enabled": false,
            "location": "southeastasia",
            "mac_address": "",
            "name": "nic-atn-dev-sea-1",
            "private_ip_address": "10.0.1.6",
            "private_ip_addresses": [
              "10.0.1.6"
            ],
            "resource_group_name": "rg-atn-dev-sea-001",
            "tags": null,
            "timeouts": null,
            "virtual_machine_id": ""
          },
          "sensitive_attributes": [],
          "private": "eyJlMmJmYjczMC1lY2FhLTExZTYtOGY4OC0zNDM2M2JjN2M0YzAiOnsiY3JlYXRlIjoxODAwMDAwMDAwMDAwLCJkZWxldGUiOjE4MDAwMDAwMDAwMDAsInJlYWQiOjMwMDAwMDAwMDAwMCwidXBkYXRlIjoxODAwMDAwMDAwMDAwfX0=",
          "dependencies": [
            "azurerm_subnet.subnet",
            "azurerm_virtual_network.vnet"
          ]
        },
        {
          "index_key": 1,
          "schema_version": 0,
          "attributes": {
            "accelerated_networking_enabled": false,
            "applied_dns_servers": [],
            "auxiliary_mode": "",
            "auxiliary_sku": "",
            "dns_servers": [],
            "edge_zone": "",
            "enable_accelerated_networking": false,
            "enable_ip_forwarding": false,
            "id": "/subscriptions/7a70c6d1-ffc9-44c2-8628-27a24dc71ef5/resourceGroups/rg-atn-dev-sea-001/providers/Microsoft.Network/networkInterfaces/nic-atn-dev-sea-2",
            "internal_dns_name_label": "",
            "internal_domain_name_suffix": "1ltqm2iup3vehhjgvi2aur23ac.ix.internal.cloudapp.net",
            "ip_configuration": [
              {
                "gateway_load_balancer_frontend_ip_configuration_id": "",
                "name": "internal",
                "primary": true,
                "private_ip_address": "10.0.1.5",
                "private_ip_address_allocation": "Dynamic",
                "private_ip_address_version": "IPv4",
                "public_ip_address_id": "",
                "subnet_id": "/subscriptions/7a70c6d1-ffc9-44c2-8628-27a24dc71ef5/resourceGroups/rg-atn-dev-sea-001/providers/Microsoft.Network/virtualNetworks/vnet-atn-dev-sea/subnets/subnet-atn-dev-sea"
              }
            ],
            "ip_forwarding_enabled": false,
            "location": "southeastasia",
            "mac_address": "",
            "name": "nic-atn-dev-sea-2",
            "private_ip_address": "10.0.1.5",
            "private_ip_addresses": [
              "10.0.1.5"
            ],
            "resource_group_name": "rg-atn-dev-sea-001",
            "tags": null,
            "timeouts": null,
            "virtual_machine_id": ""
          },
          "sensitive_attributes": [],
          "private": "eyJlMmJmYjczMC1lY2FhLTExZTYtOGY4OC0zNDM2M2JjN2M0YzAiOnsiY3JlYXRlIjoxODAwMDAwMDAwMDAwLCJkZWxldGUiOjE4MDAwMDAwMDAwMDAsInJlYWQiOjMwMDAwMDAwMDAwMCwidXBkYXRlIjoxODAwMDAwMDAwMDAwfX0=",
          "dependencies": [
            "azurerm_subnet.subnet",
            "azurerm_virtual_network.vnet"
          ]
        },
        {
          "index_key": 2,
          "schema_version": 0,
          "attributes": {
            "accelerated_networking_enabled": false,
            "applied_dns_servers": [],
            "auxiliary_mode": "",
            "auxiliary_sku": "",
            "dns_servers": [],
            "edge_zone": "",
            "enable_accelerated_networking": false,
            "enable_ip_forwarding": false,
            "id": "/subscriptions/7a70c6d1-ffc9-44c2-8628-27a24dc71ef5/resourceGroups/rg-atn-dev-sea-001/providers/Microsoft.Network/networkInterfaces/nic-atn-dev-sea-3",
            "internal_dns_name_label": "",
            "internal_domain_name_suffix": "1ltqm2iup3vehhjgvi2aur23ac.ix.internal.cloudapp.net",
            "ip_configuration": [
              {
                "gateway_load_balancer_frontend_ip_configuration_id": "",
                "name": "internal",
                "primary": true,
                "private_ip_address": "10.0.1.4",
                "private_ip_address_allocation": "Dynamic",
                "private_ip_address_version": "IPv4",
                "public_ip_address_id": "",
                "subnet_id": "/subscriptions/7a70c6d1-ffc9-44c2-8628-27a24dc71ef5/resourceGroups/rg-atn-dev-sea-001/providers/Microsoft.Network/virtualNetworks/vnet-atn-dev-sea/subnets/subnet-atn-dev-sea"
              }
            ],
            "ip_forwarding_enabled": false,
            "location": "southeastasia",
            "mac_address": "",
            "name": "nic-atn-dev-sea-3",
            "private_ip_address": "10.0.1.4",
            "private_ip_addresses": [
              "10.0.1.4"
            ],
            "resource_group_name": "rg-atn-dev-sea-001",
            "tags": null,
            "timeouts": null,
            "virtual_machine_id": ""
          },
          "sensitive_attributes": [],
          "private": "eyJlMmJmYjczMC1lY2FhLTExZTYtOGY4OC0zNDM2M2JjN2M0YzAiOnsiY3JlYXRlIjoxODAwMDAwMDAwMDAwLCJkZWxldGUiOjE4MDAwMDAwMDAwMDAsInJlYWQiOjMwMDAwMDAwMDAwMCwidXBkYXRlIjoxODAwMDAwMDAwMDAwfX0=",
          "dependencies": [
            "azurerm_subnet.subnet",
            "azurerm_virtual_network.vnet"
          ]
        }
      ]
    },
    {
      "mode": "managed",
      "type": "azurerm_subnet",
      "name": "subnet",
      "provider": "provider[\"registry.terraform.io/hashicorp/azurerm\"]",
      "instances": [
        {
          "index_key": 0,
          "schema_version": 0,
          "attributes": {
            "address_prefixes": [
              "10.0.1.0/24"
            ],
            "default_outbound_access_enabled": true,
            "delegation": [],
            "enforce_private_link_endpoint_network_policies": false,
            "enforce_private_link_service_network_policies": false,
            "id": "/subscriptions/7a70c6d1-ffc9-44c2-8628-27a24dc71ef5/resourceGroups/rg-atn-dev-sea-001/providers/Microsoft.Network/virtualNetworks/vnet-atn-dev-sea/subnets/subnet-atn-dev-sea",
            "name": "subnet-atn-dev-sea",
            "private_endpoint_network_policies": "Enabled",
            "private_endpoint_network_policies_enabled": true,
            "private_link_service_network_policies_enabled": true,
            "resource_group_name": "rg-atn-dev-sea-001",
            "service_endpoint_policy_ids": null,
            "service_endpoints": null,
            "timeouts": null,
            "virtual_network_name": "vnet-atn-dev-sea"
          },
          "sensitive_attributes": [],
          "private": "eyJlMmJmYjczMC1lY2FhLTExZTYtOGY4OC0zNDM2M2JjN2M0YzAiOnsiY3JlYXRlIjoxODAwMDAwMDAwMDAwLCJkZWxldGUiOjE4MDAwMDAwMDAwMDAsInJlYWQiOjMwMDAwMDAwMDAwMCwidXBkYXRlIjoxODAwMDAwMDAwMDAwfX0=",
          "dependencies": [
            "azurerm_virtual_network.vnet"
          ]
        }
      ]
    },
    {
      "mode": "managed",
      "type": "azurerm_virtual_network",
      "name": "vnet",
      "provider": "provider[\"registry.terraform.io/hashicorp/azurerm\"]",
      "instances": [
        {
          "index_key": 0,
          "schema_version": 0,
          "attributes": {
            "address_space": [
              "10.0.0.0/16"
            ],
            "bgp_community": "",
            "ddos_protection_plan": [],
            "dns_servers": [],
            "edge_zone": "",
            "encryption": [],
            "flow_timeout_in_minutes": 0,
            "guid": "7106e7da-7f14-436a-9d26-aa380a479d02",
            "id": "/subscriptions/7a70c6d1-ffc9-44c2-8628-27a24dc71ef5/resourceGroups/rg-atn-dev-sea-001/providers/Microsoft.Network/virtualNetworks/vnet-atn-dev-sea",
            "location": "southeastasia",
            "name": "vnet-atn-dev-sea",
            "resource_group_name": "rg-atn-dev-sea-001",
            "subnet": [],
            "tags": {
              "environment": "dev"
            },
            "timeouts": null
          },
          "sensitive_attributes": [],
          "private": "eyJlMmJmYjczMC1lY2FhLTExZTYtOGY4OC0zNDM2M2JjN2M0YzAiOnsiY3JlYXRlIjoxODAwMDAwMDAwMDAwLCJkZWxldGUiOjE4MDAwMDAwMDAwMDAsInJlYWQiOjMwMDAwMDAwMDAwMCwidXBkYXRlIjoxODAwMDAwMDAwMDAwfX0="
        }
      ]
    }
  ],
  "check_results": null
}
